
Microsoft Visual Studio Solution File, Format Version 12.00
# Visual Studio Version 17
VisualStudioVersion = 17.4.33122.133
MinimumVisualStudioVersion = 10.0.40219.1
Project("{9A19103F-16F7-4668-BE54-9A1E7A4F7556}") = "TBIAutoPlanner", "TBIAutoPlanner\TBIAutoPlanner.csproj", "{6BBBD40F-EC2C-47C6-BE2C-33A0B79D5B56}"
EndProject
Project("{9A19103F-16F7-4668-BE54-9A1E7A4F7556}") = "CSIAutoPlanner", "CSIAutoPlanner\CSIAutoPlanner.csproj", "{24D14628-138B-4FBB-B93C-C1A0C8DEB665}"
EndProject
Project("{9A19103F-16F7-4668-BE54-9A1E7A4F7556}") = "TMLIAutoPlanner", "TMLIAutoPlanner\TMLIAutoPlanner.csproj", "{C5790F3A-1B38-4A1E-B0D5-8BE24E136245}"
	ProjectSection(ProjectDependencies) = postProject
		{D100D8F6-9756-4F74-ADCE-13581A048F33} = {D100D8F6-9756-4F74-ADCE-13581A048F33}
	EndProjectSection
EndProject
Project("{9A19103F-16F7-4668-BE54-9A1E7A4F7556}") = "AutoPlannerHelpers", "AutoPlannerHelpers\AutoPlannerHelpers.csproj", "{73A53BBF-24FD-4214-990F-A16A323C1A65}"
EndProject
Project("{2150E333-8FDC-42A3-9474-1A3956D46DE8}") = "Documentation", "Documentation", "{376864BB-FB08-45BF-90D6-86DB0902F6F1}"
EndProject
Project("{9A19103F-16F7-4668-BE54-9A1E7A4F7556}") = "CTStitcher", "CTStitcher\CTStitcher.csproj", "{D100D8F6-9756-4F74-ADCE-13581A048F33}"
	ProjectSection(ProjectDependencies) = postProject
		{73A53BBF-24FD-4214-990F-A16A323C1A65} = {73A53BBF-24FD-4214-990F-A16A323C1A65}
	EndProjectSection
EndProject
Project("{9A19103F-16F7-4668-BE54-9A1E7A4F7556}") = "AutoPlannerLauncher", "AutoPlannerLauncher\AutoPlannerLauncher.csproj", "{3E6DF91A-CCD1-4792-BDB7-FE926C9CBC3C}"
EndProject
Project("{9A19103F-16F7-4668-BE54-9A1E7A4F7556}") = "AutoPlannerHelpersTests", "AutoPlannerHelpersTests\AutoPlannerHelpersTests.csproj", "{B9C769B6-A0F6-40A5-A9B3-78335627B4E4}"
EndProject
Project("{9A19103F-16F7-4668-BE54-9A1E7A4F7556}") = "ImportListener", "ImportListener\ImportListener.csproj", "{29B101A9-56C4-494D-89A7-9A3737F12B64}"
EndProject
Project("{9A19103F-16F7-4668-BE54-9A1E7A4F7556}") = "AutoPlannerOptimizationLoop", "AutoPlannerOptimizationLoop\AutoPlannerOptimizationLoop.csproj", "{380FC746-F0F4-4771-A6C7-3C9348849269}"
	ProjectSection(ProjectDependencies) = postProject
		{73A53BBF-24FD-4214-990F-A16A323C1A65} = {73A53BBF-24FD-4214-990F-A16A323C1A65}
	EndProjectSection
EndProject
Project("{FAE04EC0-301F-11D3-BF4B-00C04F79EFBC}") = "AutoPlannerOptimizationLoopTests", "AutoPlannerOptimizationLoopTests\AutoPlannerOptimizationLoopTests.csproj", "{0EA22991-9544-4968-B41D-772B0F729036}"
EndProject
Project("{FAE04EC0-301F-11D3-BF4B-00C04F79EFBC}") = "CTStitcherTests", "CTStitcherTests\CTStitcherTests.csproj", "{5D05F6B8-7913-41F4-A304-25166CA3AE29}"
EndProject
Global
	GlobalSection(SolutionConfigurationPlatforms) = preSolution
		Debug|Any CPU = Debug|Any CPU
		Debug|x64 = Debug|x64
		Debug-v15|Any CPU = Debug-v15|Any CPU
		Debug-v15|x64 = Debug-v15|x64
		Debug-v16|Any CPU = Debug-v16|Any CPU
		Debug-v16|x64 = Debug-v16|x64
		Release|Any CPU = Release|Any CPU
		Release|x64 = Release|x64
	EndGlobalSection
	GlobalSection(ProjectConfigurationPlatforms) = postSolution
		{6BBBD40F-EC2C-47C6-BE2C-33A0B79D5B56}.Debug|Any CPU.ActiveCfg = Debug|x64
		{6BBBD40F-EC2C-47C6-BE2C-33A0B79D5B56}.Debug|Any CPU.Build.0 = Debug|x64
		{6BBBD40F-EC2C-47C6-BE2C-33A0B79D5B56}.Debug|x64.ActiveCfg = Debug|x64
		{6BBBD40F-EC2C-47C6-BE2C-33A0B79D5B56}.Debug|x64.Build.0 = Debug|x64
		{6BBBD40F-EC2C-47C6-BE2C-33A0B79D5B56}.Debug-v15|Any CPU.ActiveCfg = Debug-v15|x64
		{6BBBD40F-EC2C-47C6-BE2C-33A0B79D5B56}.Debug-v15|Any CPU.Build.0 = Debug-v15|x64
		{6BBBD40F-EC2C-47C6-BE2C-33A0B79D5B56}.Debug-v15|x64.ActiveCfg = Debug-v15|x64
		{6BBBD40F-EC2C-47C6-BE2C-33A0B79D5B56}.Debug-v15|x64.Build.0 = Debug-v15|x64
		{6BBBD40F-EC2C-47C6-BE2C-33A0B79D5B56}.Debug-v16|Any CPU.ActiveCfg = Debug-v16|x64
		{6BBBD40F-EC2C-47C6-BE2C-33A0B79D5B56}.Debug-v16|Any CPU.Build.0 = Debug-v16|x64
		{6BBBD40F-EC2C-47C6-BE2C-33A0B79D5B56}.Debug-v16|x64.ActiveCfg = Debug-v16|x64
		{6BBBD40F-EC2C-47C6-BE2C-33A0B79D5B56}.Debug-v16|x64.Build.0 = Debug-v16|x64
		{6BBBD40F-EC2C-47C6-BE2C-33A0B79D5B56}.Release|Any CPU.ActiveCfg = Release|x64
		{6BBBD40F-EC2C-47C6-BE2C-33A0B79D5B56}.Release|Any CPU.Build.0 = Release|x64
		{6BBBD40F-EC2C-47C6-BE2C-33A0B79D5B56}.Release|x64.ActiveCfg = Release|x64
		{6BBBD40F-EC2C-47C6-BE2C-33A0B79D5B56}.Release|x64.Build.0 = Release|x64
		{24D14628-138B-4FBB-B93C-C1A0C8DEB665}.Debug|Any CPU.ActiveCfg = Debug|Any CPU
		{24D14628-138B-4FBB-B93C-C1A0C8DEB665}.Debug|Any CPU.Build.0 = Debug|Any CPU
		{24D14628-138B-4FBB-B93C-C1A0C8DEB665}.Debug|x64.ActiveCfg = Debug|x64
		{24D14628-138B-4FBB-B93C-C1A0C8DEB665}.Debug|x64.Build.0 = Debug|x64
		{24D14628-138B-4FBB-B93C-C1A0C8DEB665}.Debug-v15|Any CPU.ActiveCfg = Debug-v15|Any CPU
		{24D14628-138B-4FBB-B93C-C1A0C8DEB665}.Debug-v15|Any CPU.Build.0 = Debug-v15|Any CPU
		{24D14628-138B-4FBB-B93C-C1A0C8DEB665}.Debug-v15|x64.ActiveCfg = Debug-v15|x64
		{24D14628-138B-4FBB-B93C-C1A0C8DEB665}.Debug-v15|x64.Build.0 = Debug-v15|x64
		{24D14628-138B-4FBB-B93C-C1A0C8DEB665}.Debug-v16|Any CPU.ActiveCfg = Debug-v16|Any CPU
		{24D14628-138B-4FBB-B93C-C1A0C8DEB665}.Debug-v16|Any CPU.Build.0 = Debug-v16|Any CPU
		{24D14628-138B-4FBB-B93C-C1A0C8DEB665}.Debug-v16|x64.ActiveCfg = Debug-v16|x64
		{24D14628-138B-4FBB-B93C-C1A0C8DEB665}.Debug-v16|x64.Build.0 = Debug-v16|x64
		{24D14628-138B-4FBB-B93C-C1A0C8DEB665}.Release|Any CPU.ActiveCfg = Release|Any CPU
		{24D14628-138B-4FBB-B93C-C1A0C8DEB665}.Release|Any CPU.Build.0 = Release|Any CPU
		{24D14628-138B-4FBB-B93C-C1A0C8DEB665}.Release|x64.ActiveCfg = Release|x64
		{24D14628-138B-4FBB-B93C-C1A0C8DEB665}.Release|x64.Build.0 = Release|x64
		{C5790F3A-1B38-4A1E-B0D5-8BE24E136245}.Debug|Any CPU.ActiveCfg = Debug|x64
		{C5790F3A-1B38-4A1E-B0D5-8BE24E136245}.Debug|Any CPU.Build.0 = Debug|x64
		{C5790F3A-1B38-4A1E-B0D5-8BE24E136245}.Debug|x64.ActiveCfg = Debug|x64
		{C5790F3A-1B38-4A1E-B0D5-8BE24E136245}.Debug|x64.Build.0 = Debug|x64
		{C5790F3A-1B38-4A1E-B0D5-8BE24E136245}.Debug-v15|Any CPU.ActiveCfg = Debug-v15|x64
		{C5790F3A-1B38-4A1E-B0D5-8BE24E136245}.Debug-v15|Any CPU.Build.0 = Debug-v15|x64
		{C5790F3A-1B38-4A1E-B0D5-8BE24E136245}.Debug-v15|x64.ActiveCfg = Debug-v15|x64
		{C5790F3A-1B38-4A1E-B0D5-8BE24E136245}.Debug-v15|x64.Build.0 = Debug-v15|x64
		{C5790F3A-1B38-4A1E-B0D5-8BE24E136245}.Debug-v16|Any CPU.ActiveCfg = Debug-v16|x64
		{C5790F3A-1B38-4A1E-B0D5-8BE24E136245}.Debug-v16|Any CPU.Build.0 = Debug-v16|x64
		{C5790F3A-1B38-4A1E-B0D5-8BE24E136245}.Debug-v16|x64.ActiveCfg = Debug-v16|x64
		{C5790F3A-1B38-4A1E-B0D5-8BE24E136245}.Debug-v16|x64.Build.0 = Debug-v16|x64
		{C5790F3A-1B38-4A1E-B0D5-8BE24E136245}.Release|Any CPU.ActiveCfg = Release|x64
		{C5790F3A-1B38-4A1E-B0D5-8BE24E136245}.Release|Any CPU.Build.0 = Release|x64
		{C5790F3A-1B38-4A1E-B0D5-8BE24E136245}.Release|x64.ActiveCfg = Release|x64
		{C5790F3A-1B38-4A1E-B0D5-8BE24E136245}.Release|x64.Build.0 = Release|x64
		{73A53BBF-24FD-4214-990F-A16A323C1A65}.Debug|Any CPU.ActiveCfg = Debug|x64
		{73A53BBF-24FD-4214-990F-A16A323C1A65}.Debug|Any CPU.Build.0 = Debug|x64
		{73A53BBF-24FD-4214-990F-A16A323C1A65}.Debug|x64.ActiveCfg = Debug|x64
		{73A53BBF-24FD-4214-990F-A16A323C1A65}.Debug|x64.Build.0 = Debug|x64
		{73A53BBF-24FD-4214-990F-A16A323C1A65}.Debug-v15|Any CPU.ActiveCfg = Debug-v15|x64
		{73A53BBF-24FD-4214-990F-A16A323C1A65}.Debug-v15|Any CPU.Build.0 = Debug-v15|x64
		{73A53BBF-24FD-4214-990F-A16A323C1A65}.Debug-v15|x64.ActiveCfg = Debug-v15|x64
		{73A53BBF-24FD-4214-990F-A16A323C1A65}.Debug-v15|x64.Build.0 = Debug-v15|x64
		{73A53BBF-24FD-4214-990F-A16A323C1A65}.Debug-v16|Any CPU.ActiveCfg = Debug-v16|x64
		{73A53BBF-24FD-4214-990F-A16A323C1A65}.Debug-v16|Any CPU.Build.0 = Debug-v16|x64
		{73A53BBF-24FD-4214-990F-A16A323C1A65}.Debug-v16|x64.ActiveCfg = Debug-v16|x64
		{73A53BBF-24FD-4214-990F-A16A323C1A65}.Debug-v16|x64.Build.0 = Debug-v16|x64
		{73A53BBF-24FD-4214-990F-A16A323C1A65}.Release|Any CPU.ActiveCfg = Release|x64
		{73A53BBF-24FD-4214-990F-A16A323C1A65}.Release|Any CPU.Build.0 = Release|x64
		{73A53BBF-24FD-4214-990F-A16A323C1A65}.Release|x64.ActiveCfg = Release|x64
		{73A53BBF-24FD-4214-990F-A16A323C1A65}.Release|x64.Build.0 = Release|x64
		{D100D8F6-9756-4F74-ADCE-13581A048F33}.Debug|Any CPU.ActiveCfg = Debug|x64
		{D100D8F6-9756-4F74-ADCE-13581A048F33}.Debug|Any CPU.Build.0 = Debug|x64
		{D100D8F6-9756-4F74-ADCE-13581A048F33}.Debug|x64.ActiveCfg = Debug|x64
		{D100D8F6-9756-4F74-ADCE-13581A048F33}.Debug|x64.Build.0 = Debug|x64
		{D100D8F6-9756-4F74-ADCE-13581A048F33}.Debug-v15|Any CPU.ActiveCfg = Debug-v15|x64
		{D100D8F6-9756-4F74-ADCE-13581A048F33}.Debug-v15|Any CPU.Build.0 = Debug-v15|x64
		{D100D8F6-9756-4F74-ADCE-13581A048F33}.Debug-v15|x64.ActiveCfg = Debug-v15|x64
		{D100D8F6-9756-4F74-ADCE-13581A048F33}.Debug-v15|x64.Build.0 = Debug-v15|x64
		{D100D8F6-9756-4F74-ADCE-13581A048F33}.Debug-v16|Any CPU.ActiveCfg = Debug-v16|x64
		{D100D8F6-9756-4F74-ADCE-13581A048F33}.Debug-v16|Any CPU.Build.0 = Debug-v16|x64
		{D100D8F6-9756-4F74-ADCE-13581A048F33}.Debug-v16|x64.ActiveCfg = Debug-v16|x64
		{D100D8F6-9756-4F74-ADCE-13581A048F33}.Debug-v16|x64.Build.0 = Debug-v16|x64
		{D100D8F6-9756-4F74-ADCE-13581A048F33}.Release|Any CPU.ActiveCfg = Release|x64
		{D100D8F6-9756-4F74-ADCE-13581A048F33}.Release|Any CPU.Build.0 = Release|x64
		{D100D8F6-9756-4F74-ADCE-13581A048F33}.Release|x64.ActiveCfg = Release|x64
		{D100D8F6-9756-4F74-ADCE-13581A048F33}.Release|x64.Build.0 = Release|x64
		{3E6DF91A-CCD1-4792-BDB7-FE926C9CBC3C}.Debug|Any CPU.ActiveCfg = Debug|x64
		{3E6DF91A-CCD1-4792-BDB7-FE926C9CBC3C}.Debug|Any CPU.Build.0 = Debug|x64
		{3E6DF91A-CCD1-4792-BDB7-FE926C9CBC3C}.Debug|x64.ActiveCfg = Debug|x64
		{3E6DF91A-CCD1-4792-BDB7-FE926C9CBC3C}.Debug|x64.Build.0 = Debug|x64
		{3E6DF91A-CCD1-4792-BDB7-FE926C9CBC3C}.Debug-v15|Any CPU.ActiveCfg = Debug-v15|x64
		{3E6DF91A-CCD1-4792-BDB7-FE926C9CBC3C}.Debug-v15|Any CPU.Build.0 = Debug-v15|x64
		{3E6DF91A-CCD1-4792-BDB7-FE926C9CBC3C}.Debug-v15|x64.ActiveCfg = Debug-v15|x64
		{3E6DF91A-CCD1-4792-BDB7-FE926C9CBC3C}.Debug-v15|x64.Build.0 = Debug-v15|x64
		{3E6DF91A-CCD1-4792-BDB7-FE926C9CBC3C}.Debug-v16|Any CPU.ActiveCfg = Debug-v16|x64
		{3E6DF91A-CCD1-4792-BDB7-FE926C9CBC3C}.Debug-v16|Any CPU.Build.0 = Debug-v16|x64
		{3E6DF91A-CCD1-4792-BDB7-FE926C9CBC3C}.Debug-v16|x64.ActiveCfg = Debug-v16|x64
		{3E6DF91A-CCD1-4792-BDB7-FE926C9CBC3C}.Debug-v16|x64.Build.0 = Debug-v16|x64
		{3E6DF91A-CCD1-4792-BDB7-FE926C9CBC3C}.Release|Any CPU.ActiveCfg = Release|x64
		{3E6DF91A-CCD1-4792-BDB7-FE926C9CBC3C}.Release|Any CPU.Build.0 = Release|x64
		{3E6DF91A-CCD1-4792-BDB7-FE926C9CBC3C}.Release|x64.ActiveCfg = Release|x64
		{3E6DF91A-CCD1-4792-BDB7-FE926C9CBC3C}.Release|x64.Build.0 = Release|x64
		{B9C769B6-A0F6-40A5-A9B3-78335627B4E4}.Debug|Any CPU.ActiveCfg = Debug|Any CPU
		{B9C769B6-A0F6-40A5-A9B3-78335627B4E4}.Debug|Any CPU.Build.0 = Debug|Any CPU
		{B9C769B6-A0F6-40A5-A9B3-78335627B4E4}.Debug|x64.ActiveCfg = Debug|Any CPU
		{B9C769B6-A0F6-40A5-A9B3-78335627B4E4}.Debug|x64.Build.0 = Debug|Any CPU
		{B9C769B6-A0F6-40A5-A9B3-78335627B4E4}.Debug-v15|Any CPU.ActiveCfg = Debug|Any CPU
		{B9C769B6-A0F6-40A5-A9B3-78335627B4E4}.Debug-v15|Any CPU.Build.0 = Debug|Any CPU
		{B9C769B6-A0F6-40A5-A9B3-78335627B4E4}.Debug-v15|x64.ActiveCfg = Debug|Any CPU
		{B9C769B6-A0F6-40A5-A9B3-78335627B4E4}.Debug-v15|x64.Build.0 = Debug|Any CPU
		{B9C769B6-A0F6-40A5-A9B3-78335627B4E4}.Debug-v16|Any CPU.ActiveCfg = Debug|Any CPU
		{B9C769B6-A0F6-40A5-A9B3-78335627B4E4}.Debug-v16|Any CPU.Build.0 = Debug|Any CPU
		{B9C769B6-A0F6-40A5-A9B3-78335627B4E4}.Debug-v16|x64.ActiveCfg = Debug|Any CPU
		{B9C769B6-A0F6-40A5-A9B3-78335627B4E4}.Debug-v16|x64.Build.0 = Debug|Any CPU
		{B9C769B6-A0F6-40A5-A9B3-78335627B4E4}.Release|Any CPU.ActiveCfg = Release|Any CPU
		{B9C769B6-A0F6-40A5-A9B3-78335627B4E4}.Release|Any CPU.Build.0 = Release|Any CPU
		{B9C769B6-A0F6-40A5-A9B3-78335627B4E4}.Release|x64.ActiveCfg = Release|Any CPU
		{B9C769B6-A0F6-40A5-A9B3-78335627B4E4}.Release|x64.Build.0 = Release|Any CPU
		{29B101A9-56C4-494D-89A7-9A3737F12B64}.Debug|Any CPU.ActiveCfg = Debug-v16|x64
		{29B101A9-56C4-494D-89A7-9A3737F12B64}.Debug|Any CPU.Build.0 = Debug-v16|x64
		{29B101A9-56C4-494D-89A7-9A3737F12B64}.Debug|x64.ActiveCfg = Debug-v16|x64
		{29B101A9-56C4-494D-89A7-9A3737F12B64}.Debug|x64.Build.0 = Debug-v16|x64
		{29B101A9-56C4-494D-89A7-9A3737F12B64}.Debug-v15|Any CPU.ActiveCfg = Debug-v15|x64
		{29B101A9-56C4-494D-89A7-9A3737F12B64}.Debug-v15|Any CPU.Build.0 = Debug-v15|x64
		{29B101A9-56C4-494D-89A7-9A3737F12B64}.Debug-v15|x64.ActiveCfg = Debug-v15|x64
		{29B101A9-56C4-494D-89A7-9A3737F12B64}.Debug-v15|x64.Build.0 = Debug-v15|x64
		{29B101A9-56C4-494D-89A7-9A3737F12B64}.Debug-v16|Any CPU.ActiveCfg = Debug-v16|x64
		{29B101A9-56C4-494D-89A7-9A3737F12B64}.Debug-v16|Any CPU.Build.0 = Debug-v16|x64
		{29B101A9-56C4-494D-89A7-9A3737F12B64}.Debug-v16|x64.ActiveCfg = Debug-v16|x64
		{29B101A9-56C4-494D-89A7-9A3737F12B64}.Debug-v16|x64.Build.0 = Debug-v16|x64
		{29B101A9-56C4-494D-89A7-9A3737F12B64}.Release|Any CPU.ActiveCfg = Release|x64
		{29B101A9-56C4-494D-89A7-9A3737F12B64}.Release|Any CPU.Build.0 = Release|x64
		{29B101A9-56C4-494D-89A7-9A3737F12B64}.Release|x64.ActiveCfg = Release|x64
		{29B101A9-56C4-494D-89A7-9A3737F12B64}.Release|x64.Build.0 = Release|x64
		{380FC746-F0F4-4771-A6C7-3C9348849269}.Debug|Any CPU.ActiveCfg = Debug-v16|x64
		{380FC746-F0F4-4771-A6C7-3C9348849269}.Debug|Any CPU.Build.0 = Debug-v16|x64
		{380FC746-F0F4-4771-A6C7-3C9348849269}.Debug|x64.ActiveCfg = Debug-v16|x64
		{380FC746-F0F4-4771-A6C7-3C9348849269}.Debug|x64.Build.0 = Debug-v16|x64
		{380FC746-F0F4-4771-A6C7-3C9348849269}.Debug-v15|Any CPU.ActiveCfg = Debug-v15|x64
		{380FC746-F0F4-4771-A6C7-3C9348849269}.Debug-v15|Any CPU.Build.0 = Debug-v15|x64
		{380FC746-F0F4-4771-A6C7-3C9348849269}.Debug-v15|x64.ActiveCfg = Debug-v15|x64
		{380FC746-F0F4-4771-A6C7-3C9348849269}.Debug-v15|x64.Build.0 = Debug-v15|x64
		{380FC746-F0F4-4771-A6C7-3C9348849269}.Debug-v16|Any CPU.ActiveCfg = Debug-v16|x64
		{380FC746-F0F4-4771-A6C7-3C9348849269}.Debug-v16|Any CPU.Build.0 = Debug-v16|x64
		{380FC746-F0F4-4771-A6C7-3C9348849269}.Debug-v16|x64.ActiveCfg = Debug-v16|x64
		{380FC746-F0F4-4771-A6C7-3C9348849269}.Debug-v16|x64.Build.0 = Debug-v16|x64
		{380FC746-F0F4-4771-A6C7-3C9348849269}.Release|Any CPU.ActiveCfg = Release|x64
		{380FC746-F0F4-4771-A6C7-3C9348849269}.Release|Any CPU.Build.0 = Release|x64
		{380FC746-F0F4-4771-A6C7-3C9348849269}.Release|x64.ActiveCfg = Release|x64
		{380FC746-F0F4-4771-A6C7-3C9348849269}.Release|x64.Build.0 = Release|x64
		{0EA22991-9544-4968-B41D-772B0F729036}.Debug|Any CPU.ActiveCfg = Debug|Any CPU
		{0EA22991-9544-4968-B41D-772B0F729036}.Debug|Any CPU.Build.0 = Debug|Any CPU
		{0EA22991-9544-4968-B41D-772B0F729036}.Debug|x64.ActiveCfg = Debug|Any CPU
		{0EA22991-9544-4968-B41D-772B0F729036}.Debug|x64.Build.0 = Debug|Any CPU
		{0EA22991-9544-4968-B41D-772B0F729036}.Debug-v15|Any CPU.ActiveCfg = Debug|Any CPU
		{0EA22991-9544-4968-B41D-772B0F729036}.Debug-v15|Any CPU.Build.0 = Debug|Any CPU
		{0EA22991-9544-4968-B41D-772B0F729036}.Debug-v15|x64.ActiveCfg = Debug|Any CPU
		{0EA22991-9544-4968-B41D-772B0F729036}.Debug-v15|x64.Build.0 = Debug|Any CPU
		{0EA22991-9544-4968-B41D-772B0F729036}.Debug-v16|Any CPU.ActiveCfg = Debug|Any CPU
		{0EA22991-9544-4968-B41D-772B0F729036}.Debug-v16|Any CPU.Build.0 = Debug|Any CPU
		{0EA22991-9544-4968-B41D-772B0F729036}.Debug-v16|x64.ActiveCfg = Debug|Any CPU
		{0EA22991-9544-4968-B41D-772B0F729036}.Debug-v16|x64.Build.0 = Debug|Any CPU
		{0EA22991-9544-4968-B41D-772B0F729036}.Release|Any CPU.ActiveCfg = Release|Any CPU
		{0EA22991-9544-4968-B41D-772B0F729036}.Release|Any CPU.Build.0 = Release|Any CPU
		{0EA22991-9544-4968-B41D-772B0F729036}.Release|x64.ActiveCfg = Release|Any CPU
		{0EA22991-9544-4968-B41D-772B0F729036}.Release|x64.Build.0 = Release|Any CPU
		{5D05F6B8-7913-41F4-A304-25166CA3AE29}.Debug|Any CPU.ActiveCfg = Debug|Any CPU
		{5D05F6B8-7913-41F4-A304-25166CA3AE29}.Debug|Any CPU.Build.0 = Debug|Any CPU
		{5D05F6B8-7913-41F4-A304-25166CA3AE29}.Debug|x64.ActiveCfg = Debug|Any CPU
		{5D05F6B8-7913-41F4-A304-25166CA3AE29}.Debug|x64.Build.0 = Debug|Any CPU
		{5D05F6B8-7913-41F4-A304-25166CA3AE29}.Debug-v15|Any CPU.ActiveCfg = Debug|Any CPU
		{5D05F6B8-7913-41F4-A304-25166CA3AE29}.Debug-v15|Any CPU.Build.0 = Debug|Any CPU
		{5D05F6B8-7913-41F4-A304-25166CA3AE29}.Debug-v15|x64.ActiveCfg = Debug|Any CPU
		{5D05F6B8-7913-41F4-A304-25166CA3AE29}.Debug-v15|x64.Build.0 = Debug|Any CPU
		{5D05F6B8-7913-41F4-A304-25166CA3AE29}.Debug-v16|Any CPU.ActiveCfg = Debug|Any CPU
		{5D05F6B8-7913-41F4-A304-25166CA3AE29}.Debug-v16|Any CPU.Build.0 = Debug|Any CPU
		{5D05F6B8-7913-41F4-A304-25166CA3AE29}.Debug-v16|x64.ActiveCfg = Debug|Any CPU
		{5D05F6B8-7913-41F4-A304-25166CA3AE29}.Debug-v16|x64.Build.0 = Debug|Any CPU
		{5D05F6B8-7913-41F4-A304-25166CA3AE29}.Release|Any CPU.ActiveCfg = Release|Any CPU
		{5D05F6B8-7913-41F4-A304-25166CA3AE29}.Release|Any CPU.Build.0 = Release|Any CPU
		{5D05F6B8-7913-41F4-A304-25166CA3AE29}.Release|x64.ActiveCfg = Release|Any CPU
		{5D05F6B8-7913-41F4-A304-25166CA3AE29}.Release|x64.Build.0 = Release|Any CPU
	EndGlobalSection
	GlobalSection(SolutionProperties) = preSolution
		HideSolutionNode = FALSE
	EndGlobalSection
	GlobalSection(ExtensibilityGlobals) = postSolution
		SolutionGuid = {69298A1D-0C1E-4C6C-AAB2-53C69012D88A}
	EndGlobalSection
EndGlobal
